
Microsoft Visual Studio Solution File, Format Version 12.00
# Visual Studio Version 16
VisualStudioVersion = 16.0.32630.194
MinimumVisualStudioVersion = 10.0.40219.1
Project("{FAE04EC0-301F-11D3-BF4B-00C04F79EFBC}") = "MatriculaCatequese", "MatriculaCatequese\MatriculaCatequese.csproj", "{1D5DA193-1E78-4839-BAC2-E9AF21F03B98}"
EndProject
Global
	GlobalSection(SolutionConfigurationPlatforms) = preSolution
		Debug|Any CPU = Debug|Any CPU
		Release|Any CPU = Release|Any CPU
	EndGlobalSection
	GlobalSection(ProjectConfigurationPlatforms) = postSolution
		{1D5DA193-1E78-4839-BAC2-E9AF21F03B98}.Debug|Any CPU.ActiveCfg = Debug|Any CPU
		{1D5DA193-1E78-4839-BAC2-E9AF21F03B98}.Debug|Any CPU.Build.0 = Debug|Any CPU
		{1D5DA193-1E78-4839-BAC2-E9AF21F03B98}.Release|Any CPU.ActiveCfg = Release|Any CPU
		{1D5DA193-1E78-4839-BAC2-E9AF21F03B98}.Release|Any CPU.Build.0 = Release|Any CPU
	EndGlobalSection
	GlobalSection(SolutionProperties) = preSolution
		HideSolutionNode = FALSE
	EndGlobalSection
	GlobalSection(ExtensibilityGlobals) = postSolution
		SolutionGuid = {9BB3D954-FE6F-43AB-ABF0-CAA631161462}
	EndGlobalSection
EndGlobal
